// !$*UTF8*$!
{
	archiveVersion = 1;
	classes = {
	};
	objectVersion = 50;
	objects = {

/* Begin PBXBuildFile section */
		D55F29E92429851A00E92001 /* ResortStore.swift in Sources */ = {isa = PBXBuildFile; fileRef = D55F29E82429851A00E92001 /* ResortStore.swift */; };
		D55F29EB24298CC200E92001 /* AppRootView.swift in Sources */ = {isa = PBXBuildFile; fileRef = D55F29EA24298CC200E92001 /* AppRootView.swift */; };
		D562A6562409F6FA00886222 /* AddNewResort.swift in Sources */ = {isa = PBXBuildFile; fileRef = D562A6552409F6FA00886222 /* AddNewResort.swift */; };
		D57049F923E65D7700F7AF11 /* AppDelegate.swift in Sources */ = {isa = PBXBuildFile; fileRef = D57049F823E65D7700F7AF11 /* AppDelegate.swift */; };
		D57049FB23E65D7700F7AF11 /* SceneDelegate.swift in Sources */ = {isa = PBXBuildFile; fileRef = D57049FA23E65D7700F7AF11 /* SceneDelegate.swift */; };
		D57049FD23E65D7700F7AF11 /* ContentView.swift in Sources */ = {isa = PBXBuildFile; fileRef = D57049FC23E65D7700F7AF11 /* ContentView.swift */; };
		D57049FF23E65D7800F7AF11 /* Assets.xcassets in Resources */ = {isa = PBXBuildFile; fileRef = D57049FE23E65D7800F7AF11 /* Assets.xcassets */; };
		D5704A0223E65D7800F7AF11 /* Preview Assets.xcassets in Resources */ = {isa = PBXBuildFile; fileRef = D5704A0123E65D7800F7AF11 /* Preview Assets.xcassets */; };
		D5704A0523E65D7800F7AF11 /* LaunchScreen.storyboard in Resources */ = {isa = PBXBuildFile; fileRef = D5704A0323E65D7800F7AF11 /* LaunchScreen.storyboard */; };
		D5704A0D23E65DCE00F7AF11 /* WelcomeView.swift in Sources */ = {isa = PBXBuildFile; fileRef = D5704A0C23E65DCE00F7AF11 /* WelcomeView.swift */; };
		D5704A1023E65DFE00F7AF11 /* Utilities.swift in Sources */ = {isa = PBXBuildFile; fileRef = D5704A0F23E65DFE00F7AF11 /* Utilities.swift */; };
		D5704A1223E65E2F00F7AF11 /* Resort.swift in Sources */ = {isa = PBXBuildFile; fileRef = D5704A1123E65E2F00F7AF11 /* Resort.swift */; };
		D5704A1423E65E9F00F7AF11 /* ResortView.swift in Sources */ = {isa = PBXBuildFile; fileRef = D5704A1323E65E9F00F7AF11 /* ResortView.swift */; };
		D5704A1623E65EDA00F7AF11 /* SkiDetailsView.swift in Sources */ = {isa = PBXBuildFile; fileRef = D5704A1523E65EDA00F7AF11 /* SkiDetailsView.swift */; };
		D5704A1823E65F2000F7AF11 /* ResortDetailsView.swift in Sources */ = {isa = PBXBuildFile; fileRef = D5704A1723E65F2000F7AF11 /* ResortDetailsView.swift */; };
		D5704A1A23E6612C00F7AF11 /* ResortList.swift in Sources */ = {isa = PBXBuildFile; fileRef = D5704A1923E6612C00F7AF11 /* ResortList.swift */; };
/* End PBXBuildFile section */

/* Begin PBXFileReference section */
		D55F29E82429851A00E92001 /* ResortStore.swift */ = {isa = PBXFileReference; lastKnownFileType = sourcecode.swift; path = ResortStore.swift; sourceTree = "<group>"; };
		D55F29EA24298CC200E92001 /* AppRootView.swift */ = {isa = PBXFileReference; lastKnownFileType = sourcecode.swift; path = AppRootView.swift; sourceTree = "<group>"; };
		D562A6552409F6FA00886222 /* AddNewResort.swift */ = {isa = PBXFileReference; lastKnownFileType = sourcecode.swift; path = AddNewResort.swift; sourceTree = "<group>"; };
		D57049F523E65D7700F7AF11 /* SimpleMasterDetailNoTabsSwiftUI.app */ = {isa = PBXFileReference; explicitFileType = wrapper.application; includeInIndex = 0; path = SimpleMasterDetailNoTabsSwiftUI.app; sourceTree = BUILT_PRODUCTS_DIR; };
		D57049F823E65D7700F7AF11 /* AppDelegate.swift */ = {isa = PBXFileReference; lastKnownFileType = sourcecode.swift; path = AppDelegate.swift; sourceTree = "<group>"; };
		D57049FA23E65D7700F7AF11 /* SceneDelegate.swift */ = {isa = PBXFileReference; lastKnownFileType = sourcecode.swift; path = SceneDelegate.swift; sourceTree = "<group>"; };
		D57049FC23E65D7700F7AF11 /* ContentView.swift */ = {isa = PBXFileReference; lastKnownFileType = sourcecode.swift; path = ContentView.swift; sourceTree = "<group>"; };
		D57049FE23E65D7800F7AF11 /* Assets.xcassets */ = {isa = PBXFileReference; lastKnownFileType = folder.assetcatalog; path = Assets.xcassets; sourceTree = "<group>"; };
		D5704A0123E65D7800F7AF11 /* Preview Assets.xcassets */ = {isa = PBXFileReference; lastKnownFileType = folder.assetcatalog; path = "Preview Assets.xcassets"; sourceTree = "<group>"; };
		D5704A0423E65D7800F7AF11 /* Base */ = {isa = PBXFileReference; lastKnownFileType = file.storyboard; name = Base; path = Base.lproj/LaunchScreen.storyboard; sourceTree = "<group>"; };
		D5704A0623E65D7800F7AF11 /* Info.plist */ = {isa = PBXFileReference; lastKnownFileType = text.plist.xml; path = Info.plist; sourceTree = "<group>"; };
		D5704A0C23E65DCE00F7AF11 /* WelcomeView.swift */ = {isa = PBXFileReference; lastKnownFileType = sourcecode.swift; path = WelcomeView.swift; sourceTree = "<group>"; };
		D5704A0F23E65DFE00F7AF11 /* Utilities.swift */ = {isa = PBXFileReference; lastKnownFileType = sourcecode.swift; path = Utilities.swift; sourceTree = "<group>"; };
		D5704A1123E65E2F00F7AF11 /* Resort.swift */ = {isa = PBXFileReference; lastKnownFileType = sourcecode.swift; path = Resort.swift; sourceTree = "<group>"; };
		D5704A1323E65E9F00F7AF11 /* ResortView.swift */ = {isa = PBXFileReference; lastKnownFileType = sourcecode.swift; path = ResortView.swift; sourceTree = "<group>"; };
		D5704A1523E65EDA00F7AF11 /* SkiDetailsView.swift */ = {isa = PBXFileReference; lastKnownFileType = sourcecode.swift; path = SkiDetailsView.swift; sourceTree = "<group>"; };
		D5704A1723E65F2000F7AF11 /* ResortDetailsView.swift */ = {isa = PBXFileReference; lastKnownFileType = sourcecode.swift; path = ResortDetailsView.swift; sourceTree = "<group>"; };
		D5704A1923E6612C00F7AF11 /* ResortList.swift */ = {isa = PBXFileReference; lastKnownFileType = sourcecode.swift; path = ResortList.swift; sourceTree = "<group>"; };
/* End PBXFileReference section */

/* Begin PBXFrameworksBuildPhase section */
		D57049F223E65D7700F7AF11 /* Frameworks */ = {
			isa = PBXFrameworksBuildPhase;
			buildActionMask = 2147483647;
			files = (
			);
			runOnlyForDeploymentPostprocessing = 0;
		};
/* End PBXFrameworksBuildPhase section */

/* Begin PBXGroup section */
		D57049EC23E65D7700F7AF11 = {
			isa = PBXGroup;
			children = (
				D5704A0E23E65DE800F7AF11 /* Utilities */,
				D57049F723E65D7700F7AF11 /* SimpleMasterDetailNoTabsSwiftUI */,
				D57049F623E65D7700F7AF11 /* Products */,
			);
			sourceTree = "<group>";
		};
		D57049F623E65D7700F7AF11 /* Products */ = {
			isa = PBXGroup;
			children = (
				D57049F523E65D7700F7AF11 /* SimpleMasterDetailNoTabsSwiftUI.app */,
			);
			name = Products;
			sourceTree = "<group>";
		};
		D57049F723E65D7700F7AF11 /* SimpleMasterDetailNoTabsSwiftUI */ = {
			isa = PBXGroup;
			children = (
				D57049F823E65D7700F7AF11 /* AppDelegate.swift */,
				D57049FA23E65D7700F7AF11 /* SceneDelegate.swift */,
				D55F29EA24298CC200E92001 /* AppRootView.swift */,
				D57049FC23E65D7700F7AF11 /* ContentView.swift */,
				D5704A0C23E65DCE00F7AF11 /* WelcomeView.swift */,
				D5704A1923E6612C00F7AF11 /* ResortList.swift */,
				D55F29E82429851A00E92001 /* ResortStore.swift */,
				D562A6552409F6FA00886222 /* AddNewResort.swift */,
				D57049FE23E65D7800F7AF11 /* Assets.xcassets */,
				D5704A0323E65D7800F7AF11 /* LaunchScreen.storyboard */,
				D5704A0623E65D7800F7AF11 /* Info.plist */,
				D5704A0023E65D7800F7AF11 /* Preview Content */,
				D5704A1323E65E9F00F7AF11 /* ResortView.swift */,
				D5704A1523E65EDA00F7AF11 /* SkiDetailsView.swift */,
				D5704A1723E65F2000F7AF11 /* ResortDetailsView.swift */,
			);
			path = SimpleMasterDetailNoTabsSwiftUI;
			sourceTree = "<group>";
		};
		D5704A0023E65D7800F7AF11 /* Preview Content */ = {
			isa = PBXGroup;
			children = (
				D5704A0123E65D7800F7AF11 /* Preview Assets.xcassets */,
			);
			path = "Preview Content";
			sourceTree = "<group>";
		};
		D5704A0E23E65DE800F7AF11 /* Utilities */ = {
			isa = PBXGroup;
			children = (
				D5704A0F23E65DFE00F7AF11 /* Utilities.swift */,
				D5704A1123E65E2F00F7AF11 /* Resort.swift */,
			);
			path = Utilities;
			sourceTree = "<group>";
		};
/* End PBXGroup section */

/* Begin PBXNativeTarget section */
		D57049F423E65D7700F7AF11 /* SimpleMasterDetailNoTabsSwiftUI */ = {
			isa = PBXNativeTarget;
			buildConfigurationList = D5704A0923E65D7800F7AF11 /* Build configuration list for PBXNativeTarget "SimpleMasterDetailNoTabsSwiftUI" */;
			buildPhases = (
				D57049F123E65D7700F7AF11 /* Sources */,
				D57049F223E65D7700F7AF11 /* Frameworks */,
				D57049F323E65D7700F7AF11 /* Resources */,
			);
			buildRules = (
			);
			dependencies = (
			);
			name = SimpleMasterDetailNoTabsSwiftUI;
			productName = SimpleMasterDetailNoTabsSwiftUI;
			productReference = D57049F523E65D7700F7AF11 /* SimpleMasterDetailNoTabsSwiftUI.app */;
			productType = "com.apple.product-type.application";
		};
/* End PBXNativeTarget section */

/* Begin PBXProject section */
		D57049ED23E65D7700F7AF11 /* Project object */ = {
			isa = PBXProject;
			attributes = {
				LastSwiftUpdateCheck = 1130;
				LastUpgradeCheck = 1130;
				ORGANIZATIONNAME = "John Grauel";
				TargetAttributes = {
					D57049F423E65D7700F7AF11 = {
						CreatedOnToolsVersion = 11.3.1;
					};
				};
			};
			buildConfigurationList = D57049F023E65D7700F7AF11 /* Build configuration list for PBXProject "SimpleMasterDetailNoTabsSwiftUI" */;
			compatibilityVersion = "Xcode 9.3";
			developmentRegion = en;
			hasScannedForEncodings = 0;
			knownRegions = (
				en,
				Base,
			);
			mainGroup = D57049EC23E65D7700F7AF11;
			productRefGroup = D57049F623E65D7700F7AF11 /* Products */;
			projectDirPath = "";
			projectRoot = "";
			targets = (
				D57049F423E65D7700F7AF11 /* SimpleMasterDetailNoTabsSwiftUI */,
			);
		};
/* End PBXProject section */

/* Begin PBXResourcesBuildPhase section */
		D57049F323E65D7700F7AF11 /* Resources */ = {
			isa = PBXResourcesBuildPhase;
			buildActionMask = 2147483647;
			files = (
				D5704A0523E65D7800F7AF11 /* LaunchScreen.storyboard in Resources */,
				D5704A0223E65D7800F7AF11 /* Preview Assets.xcassets in Resources */,
				D57049FF23E65D7800F7AF11 /* Assets.xcassets in Resources */,
			);
			runOnlyForDeploymentPostprocessing = 0;
		};
/* End PBXResourcesBuildPhase section */

/* Begin PBXSourcesBuildPhase section */
		D57049F123E65D7700F7AF11 /* Sources */ = {
			isa = PBXSourcesBuildPhase;
			buildActionMask = 2147483647;
			files = (
				D5704A1A23E6612C00F7AF11 /* ResortList.swift in Sources */,
				D57049F923E65D7700F7AF11 /* AppDelegate.swift in Sources */,
				D57049FB23E65D7700F7AF11 /* SceneDelegate.swift in Sources */,
				D57049FD23E65D7700F7AF11 /* ContentView.swift in Sources */,
				D55F29E92429851A00E92001 /* ResortStore.swift in Sources */,
				D5704A1423E65E9F00F7AF11 /* ResortView.swift in Sources */,
				D5704A1023E65DFE00F7AF11 /* Utilities.swift in Sources */,
				D5704A1223E65E2F00F7AF11 /* Resort.swift in Sources */,
				D5704A1823E65F2000F7AF11 /* ResortDetailsView.swift in Sources */,
				D55F29EB24298CC200E92001 /* AppRootView.swift in Sources */,
				D562A6562409F6FA00886222 /* AddNewResort.swift in Sources */,
				D5704A0D23E65DCE00F7AF11 /* WelcomeView.swift in Sources */,
				D5704A1623E65EDA00F7AF11 /* SkiDetailsView.swift in Sources */,
			);
			runOnlyForDeploymentPostprocessing = 0;
		};
/* End PBXSourcesBuildPhase section */

/* Begin PBXVariantGroup section */
		D5704A0323E65D7800F7AF11 /* LaunchScreen.storyboard */ = {
			isa = PBXVariantGroup;
			children = (
				D5704A0423E65D7800F7AF11 /* Base */,
			);
			name = LaunchScreen.storyboard;
			sourceTree = "<group>";
		};
/* End PBXVariantGroup section */

/* Begin XCBuildConfiguration section */
		D5704A0723E65D7800F7AF11 /* Debug */ = {
			isa = XCBuildConfiguration;
			buildSettings = {
				ALWAYS_SEARCH_USER_PATHS = NO;
				CLANG_ANALYZER_NONNULL = YES;
				CLANG_ANALYZER_NUMBER_OBJECT_CONVERSION = YES_AGGRESSIVE;
				CLANG_CXX_LANGUAGE_STANDARD = "gnu++14";
				CLANG_CXX_LIBRARY = "libc++";
				CLANG_ENABLE_MODULES = YES;
				CLANG_ENABLE_OBJC_ARC = YES;
				CLANG_ENABLE_OBJC_WEAK = YES;
				CLANG_WARN_BLOCK_CAPTURE_AUTORELEASING = YES;
				CLANG_WARN_BOOL_CONVERSION = YES;
				CLANG_WARN_COMMA = YES;
				CLANG_WARN_CONSTANT_CONVERSION = YES;
				CLANG_WARN_DEPRECATED_OBJC_IMPLEMENTATIONS = YES;
				CLANG_WARN_DIRECT_OBJC_ISA_USAGE = YES_ERROR;
				CLANG_WARN_DOCUMENTATION_COMMENTS = YES;
				CLANG_WARN_EMPTY_BODY = YES;
				CLANG_WARN_ENUM_CONVERSION = YES;
				CLANG_WARN_INFINITE_RECURSION = YES;
				CLANG_WARN_INT_CONVERSION = YES;
				CLANG_WARN_NON_LITERAL_NULL_CONVERSION = YES;
				CLANG_WARN_OBJC_IMPLICIT_RETAIN_SELF = YES;
				CLANG_WARN_OBJC_LITERAL_CONVERSION = YES;
				CLANG_WARN_OBJC_ROOT_CLASS = YES_ERROR;
				CLANG_WARN_RANGE_LOOP_ANALYSIS = YES;
				CLANG_WARN_STRICT_PROTOTYPES = YES;
				CLANG_WARN_SUSPICIOUS_MOVE = YES;
				CLANG_WARN_UNGUARDED_AVAILABILITY = YES_AGGRESSIVE;
				CLANG_WARN_UNREACHABLE_CODE = YES;
				CLANG_WARN__DUPLICATE_METHOD_MATCH = YES;
				COPY_PHASE_STRIP = NO;
				DEBUG_INFORMATION_FORMAT = dwarf;
				ENABLE_STRICT_OBJC_MSGSEND = YES;
				ENABLE_TESTABILITY = YES;
				GCC_C_LANGUAGE_STANDARD = gnu11;
				GCC_DYNAMIC_NO_PIC = NO;
				GCC_NO_COMMON_BLOCKS = YES;
				GCC_OPTIMIZATION_LEVEL = 0;
				GCC_PREPROCESSOR_DEFINITIONS = (
					"DEBUG=1",
					"$(inherited)",
				);
				GCC_WARN_64_TO_32_BIT_CONVERSION = YES;
				GCC_WARN_ABOUT_RETURN_TYPE = YES_ERROR;
				GCC_WARN_UNDECLARED_SELECTOR = YES;
				GCC_WARN_UNINITIALIZED_AUTOS = YES_AGGRESSIVE;
				GCC_WARN_UNUSED_FUNCTION = YES;
				GCC_WARN_UNUSED_VARIABLE = YES;
				IPHONEOS_DEPLOYMENT_TARGET = 13.2;
				MTL_ENABLE_DEBUG_INFO = INCLUDE_SOURCE;
				MTL_FAST_MATH = YES;
				ONLY_ACTIVE_ARCH = YES;
				SDKROOT = iphoneos;
				SWIFT_ACTIVE_COMPILATION_CONDITIONS = DEBUG;
				SWIFT_OPTIMIZATION_LEVEL = "-Onone";
			};
			name = Debug;
		};
		D5704A0823E65D7800F7AF11 /* Release */ = {
			isa = XCBuildConfiguration;
			buildSettings = {
				ALWAYS_SEARCH_USER_PATHS = NO;
				CLANG_ANALYZER_NONNULL = YES;
				CLANG_ANALYZER_NUMBER_OBJECT_CONVERSION = YES_AGGRESSIVE;
				CLANG_CXX_LANGUAGE_STANDARD = "gnu++14";
				CLANG_CXX_LIBRARY = "libc++";
				CLANG_ENABLE_MODULES = YES;
				CLANG_ENABLE_OBJC_ARC = YES;
				CLANG_ENABLE_OBJC_WEAK = YES;
				CLANG_WARN_BLOCK_CAPTURE_AUTORELEASING = YES;
				CLANG_WARN_BOOL_CONVERSION = YES;
				CLANG_WARN_COMMA = YES;
				CLANG_WARN_CONSTANT_CONVERSION = YES;
				CLANG_WARN_DEPRECATED_OBJC_IMPLEMENTATIONS = YES;
				CLANG_WARN_DIRECT_OBJC_ISA_USAGE = YES_ERROR;
				CLANG_WARN_DOCUMENTATION_COMMENTS = YES;
				CLANG_WARN_EMPTY_BODY = YES;
				CLANG_WARN_ENUM_CONVERSION = YES;
				CLANG_WARN_INFINITE_RECURSION = YES;
				CLANG_WARN_INT_CONVERSION = YES;
				CLANG_WARN_NON_LITERAL_NULL_CONVERSION = YES;
				CLANG_WARN_OBJC_IMPLICIT_RETAIN_SELF = YES;
				CLANG_WARN_OBJC_LITERAL_CONVERSION = YES;
				CLANG_WARN_OBJC_ROOT_CLASS = YES_ERROR;
				CLANG_WARN_RANGE_LOOP_ANALYSIS = YES;
				CLANG_WARN_STRICT_PROTOTYPES = YES;
				CLANG_WARN_SUSPICIOUS_MOVE = YES;
				CLANG_WARN_UNGUARDED_AVAILABILITY = YES_AGGRESSIVE;
				CLANG_WARN_UNREACHABLE_CODE = YES;
				CLANG_WARN__DUPLICATE_METHOD_MATCH = YES;
				COPY_PHASE_STRIP = NO;
				DEBUG_INFORMATION_FORMAT = "dwarf-with-dsym";
				ENABLE_NS_ASSERTIONS = NO;
				ENABLE_STRICT_OBJC_MSGSEND = YES;
				GCC_C_LANGUAGE_STANDARD = gnu11;
				GCC_NO_COMMON_BLOCKS = YES;
				GCC_WARN_64_TO_32_BIT_CONVERSION = YES;
				GCC_WARN_ABOUT_RETURN_TYPE = YES_ERROR;
				GCC_WARN_UNDECLARED_SELECTOR = YES;
				GCC_WARN_UNINITIALIZED_AUTOS = YES_AGGRESSIVE;
				GCC_WARN_UNUSED_FUNCTION = YES;
				GCC_WARN_UNUSED_VARIABLE = YES;
				IPHONEOS_DEPLOYMENT_TARGET = 13.2;
				MTL_ENABLE_DEBUG_INFO = NO;
				MTL_FAST_MATH = YES;
				SDKROOT = iphoneos;
				SWIFT_COMPILATION_MODE = wholemodule;
				SWIFT_OPTIMIZATION_LEVEL = "-O";
				VALIDATE_PRODUCT = YES;
			};
			name = Release;
		};
		D5704A0A23E65D7800F7AF11 /* Debug */ = {
			isa = XCBuildConfiguration;
			buildSettings = {
				ASSETCATALOG_COMPILER_APPICON_NAME = AppIcon;
				CODE_SIGN_STYLE = Automatic;
				DEVELOPMENT_ASSET_PATHS = "\"SimpleMasterDetailNoTabsSwiftUI/Preview Content\"";
				DEVELOPMENT_TEAM = 9KWK2A5FFY;
				ENABLE_PREVIEWS = YES;
				INFOPLIST_FILE = SimpleMasterDetailNoTabsSwiftUI/Info.plist;
				LD_RUNPATH_SEARCH_PATHS = (
					"$(inherited)",
					"@executable_path/Frameworks",
				);
				PRODUCT_BUNDLE_IDENTIFIER = com.carbonrose.SimpleMasterDetailNoTabsSwiftUI;
				PRODUCT_NAME = "$(TARGET_NAME)";
				SWIFT_VERSION = 5.0;
				TARGETED_DEVICE_FAMILY = "1,2";
			};
			name = Debug;
		};
		D5704A0B23E65D7800F7AF11 /* Release */ = {
			isa = XCBuildConfiguration;
			buildSettings = {
				ASSETCATALOG_COMPILER_APPICON_NAME = AppIcon;
				CODE_SIGN_STYLE = Automatic;
				DEVELOPMENT_ASSET_PATHS = "\"SimpleMasterDetailNoTabsSwiftUI/Preview Content\"";
				DEVELOPMENT_TEAM = 9KWK2A5FFY;
				ENABLE_PREVIEWS = YES;
				INFOPLIST_FILE = SimpleMasterDetailNoTabsSwiftUI/Info.plist;
				LD_RUNPATH_SEARCH_PATHS = (
					"$(inherited)",
					"@executable_path/Frameworks",
				);
				PRODUCT_BUNDLE_IDENTIFIER = com.carbonrose.SimpleMasterDetailNoTabsSwiftUI;
				PRODUCT_NAME = "$(TARGET_NAME)";
				SWIFT_VERSION = 5.0;
				TARGETED_DEVICE_FAMILY = "1,2";
			};
			name = Release;
		};
/* End XCBuildConfiguration section */

/* Begin XCConfigurationList section */
		D57049F023E65D7700F7AF11 /* Build configuration list for PBXProject "SimpleMasterDetailNoTabsSwiftUI" */ = {
			isa = XCConfigurationList;
			buildConfigurations = (
				D5704A0723E65D7800F7AF11 /* Debug */,
				D5704A0823E65D7800F7AF11 /* Release */,
			);
			defaultConfigurationIsVisible = 0;
			defaultConfigurationName = Release;
		};
		D5704A0923E65D7800F7AF11 /* Build configuration list for PBXNativeTarget "SimpleMasterDetailNoTabsSwiftUI" */ = {
			isa = XCConfigurationList;
			buildConfigurations = (
				D5704A0A23E65D7800F7AF11 /* Debug */,
				D5704A0B23E65D7800F7AF11 /* Release */,
			);
			defaultConfigurationIsVisible = 0;
			defaultConfigurationName = Release;
		};
/* End XCConfigurationList section */
	};
	rootObject = D57049ED23E65D7700F7AF11 /* Project object */;
}
